
Microsoft Visual Studio Solution File, Format Version 12.00
# Visual Studio Version 16
VisualStudioVersion = 16.0.31005.135
MinimumVisualStudioVersion = 10.0.40219.1
Project("{9A19103F-16F7-4668-BE54-9A1E7A4F7556}") = "FileSplitterMerger", "FileSplitterMerger\FileSplitterMerger.csproj", "{9F7F430B-BCA1-4A0D-A5BD-4416CE2F73C3}"
EndProject
Project("{2150E333-8FDC-42A3-9474-1A3956D46DE8}") = "Solution Items", "Solution Items", "{F319478F-7AE7-4A65-95BB-BDA76F890A3B}"
	ProjectSection(SolutionItems) = preProject
		..\.gitignore = ..\.gitignore
		..\LICENSE = ..\LICENSE
		..\README.md = ..\README.md
	EndProjectSection
EndProject
Project("{9A19103F-16F7-4668-BE54-9A1E7A4F7556}") = "FileSplitterMergerTests", "FileSplittermergerTests\FileSplitterMergerTests.csproj", "{D4D5B1E1-E57B-4AE4-B2B3-F07362E5B631}"
EndProject
Global
	GlobalSection(SolutionConfigurationPlatforms) = preSolution
		Debug|Any CPU = Debug|Any CPU
		Release|Any CPU = Release|Any CPU
	EndGlobalSection
	GlobalSection(ProjectConfigurationPlatforms) = postSolution
		{9F7F430B-BCA1-4A0D-A5BD-4416CE2F73C3}.Debug|Any CPU.ActiveCfg = Debug|Any CPU
		{9F7F430B-BCA1-4A0D-A5BD-4416CE2F73C3}.Debug|Any CPU.Build.0 = Debug|Any CPU
		{9F7F430B-BCA1-4A0D-A5BD-4416CE2F73C3}.Release|Any CPU.ActiveCfg = Release|Any CPU
		{9F7F430B-BCA1-4A0D-A5BD-4416CE2F73C3}.Release|Any CPU.Build.0 = Release|Any CPU
		{D4D5B1E1-E57B-4AE4-B2B3-F07362E5B631}.Debug|Any CPU.ActiveCfg = Debug|Any CPU
		{D4D5B1E1-E57B-4AE4-B2B3-F07362E5B631}.Debug|Any CPU.Build.0 = Debug|Any CPU
		{D4D5B1E1-E57B-4AE4-B2B3-F07362E5B631}.Release|Any CPU.ActiveCfg = Release|Any CPU
		{D4D5B1E1-E57B-4AE4-B2B3-F07362E5B631}.Release|Any CPU.Build.0 = Release|Any CPU
	EndGlobalSection
	GlobalSection(SolutionProperties) = preSolution
		HideSolutionNode = FALSE
	EndGlobalSection
	GlobalSection(ExtensibilityGlobals) = postSolution
		SolutionGuid = {D4416002-1A8A-4929-A773-F4EE0F009B32}
	EndGlobalSection
EndGlobal
